// !$*UTF8*$!
{
	archiveVersion = 1;
	classes = {
	};
	objectVersion = 52;
	objects = {

/* Begin PBXBuildFile section */
		DC0459B32386D035007A6E5A /* AppDelegate.swift in Sources */ = {isa = PBXBuildFile; fileRef = DC0459B22386D035007A6E5A /* AppDelegate.swift */; };
		DC0459B52386D035007A6E5A /* SceneDelegate.swift in Sources */ = {isa = PBXBuildFile; fileRef = DC0459B42386D035007A6E5A /* SceneDelegate.swift */; };
		DC0459B72386D035007A6E5A /* ViewController.swift in Sources */ = {isa = PBXBuildFile; fileRef = DC0459B62386D035007A6E5A /* ViewController.swift */; };
		DC0459BA2386D035007A6E5A /* Main.storyboard in Resources */ = {isa = PBXBuildFile; fileRef = DC0459B82386D035007A6E5A /* Main.storyboard */; };
		DC0459BC2386D036007A6E5A /* Assets.xcassets in Resources */ = {isa = PBXBuildFile; fileRef = DC0459BB2386D036007A6E5A /* Assets.xcassets */; };
		DC0459BF2386D036007A6E5A /* LaunchScreen.storyboard in Resources */ = {isa = PBXBuildFile; fileRef = DC0459BD2386D036007A6E5A /* LaunchScreen.storyboard */; };
		DC0459C82386D086007A6E5A /* CatDB.xcdatamodeld in Sources */ = {isa = PBXBuildFile; fileRef = DC0459C62386D086007A6E5A /* CatDB.xcdatamodeld */; };
		DC0459D22386D72D007A6E5A /* CatDecodeModel.swift in Sources */ = {isa = PBXBuildFile; fileRef = DC0459D12386D72D007A6E5A /* CatDecodeModel.swift */; };
		DC0459D42386E0CF007A6E5A /* CoreDataStack.swift in Sources */ = {isa = PBXBuildFile; fileRef = DC0459D32386E0CF007A6E5A /* CoreDataStack.swift */; };
		DC0459D62386E116007A6E5A /* ApiRepository.swift in Sources */ = {isa = PBXBuildFile; fileRef = DC0459D52386E116007A6E5A /* ApiRepository.swift */; };
		DC0459D82386E2C2007A6E5A /* DataProvider.swift in Sources */ = {isa = PBXBuildFile; fileRef = DC0459D72386E2C2007A6E5A /* DataProvider.swift */; };
		DC2B46FE23883131002D43F6 /* Weight+CoreDataClass.swift in Sources */ = {isa = PBXBuildFile; fileRef = DC2B46F623883131002D43F6 /* Weight+CoreDataClass.swift */; };
		DC2B46FF23883131002D43F6 /* Weight+CoreDataProperties.swift in Sources */ = {isa = PBXBuildFile; fileRef = DC2B46F723883131002D43F6 /* Weight+CoreDataProperties.swift */; };
		DC2B470023883131002D43F6 /* Category+CoreDataClass.swift in Sources */ = {isa = PBXBuildFile; fileRef = DC2B46F823883131002D43F6 /* Category+CoreDataClass.swift */; };
		DC2B470123883131002D43F6 /* Category+CoreDataProperties.swift in Sources */ = {isa = PBXBuildFile; fileRef = DC2B46F923883131002D43F6 /* Category+CoreDataProperties.swift */; };
		DC2B470223883131002D43F6 /* Cat+CoreDataClass.swift in Sources */ = {isa = PBXBuildFile; fileRef = DC2B46FA23883131002D43F6 /* Cat+CoreDataClass.swift */; };
		DC2B470323883131002D43F6 /* Cat+CoreDataProperties.swift in Sources */ = {isa = PBXBuildFile; fileRef = DC2B46FB23883131002D43F6 /* Cat+CoreDataProperties.swift */; };
		DC2B470423883131002D43F6 /* Breed+CoreDataClass.swift in Sources */ = {isa = PBXBuildFile; fileRef = DC2B46FC23883131002D43F6 /* Breed+CoreDataClass.swift */; };
		DC2B470523883131002D43F6 /* Breed+CoreDataProperties.swift in Sources */ = {isa = PBXBuildFile; fileRef = DC2B46FD23883131002D43F6 /* Breed+CoreDataProperties.swift */; };
		DC2B4707238969AE002D43F6 /* CatCollectionViewCell.swift in Sources */ = {isa = PBXBuildFile; fileRef = DC2B4706238969AE002D43F6 /* CatCollectionViewCell.swift */; };
		DC2B470A23896DC7002D43F6 /* SDWebImage in Frameworks */ = {isa = PBXBuildFile; productRef = DC2B470923896DC7002D43F6 /* SDWebImage */; };
		DC2B470C2389A117002D43F6 /* UIViewController.swift in Sources */ = {isa = PBXBuildFile; fileRef = DC2B470B2389A117002D43F6 /* UIViewController.swift */; };
		DC2B470E2389A174002D43F6 /* UIView.swift in Sources */ = {isa = PBXBuildFile; fileRef = DC2B470D2389A174002D43F6 /* UIView.swift */; };
/* End PBXBuildFile section */

/* Begin PBXFileReference section */
		DC0459AF2386D035007A6E5A /* CATastrophic.app */ = {isa = PBXFileReference; explicitFileType = wrapper.application; includeInIndex = 0; path = CATastrophic.app; sourceTree = BUILT_PRODUCTS_DIR; };
		DC0459B22386D035007A6E5A /* AppDelegate.swift */ = {isa = PBXFileReference; lastKnownFileType = sourcecode.swift; path = AppDelegate.swift; sourceTree = "<group>"; };
		DC0459B42386D035007A6E5A /* SceneDelegate.swift */ = {isa = PBXFileReference; lastKnownFileType = sourcecode.swift; path = SceneDelegate.swift; sourceTree = "<group>"; };
		DC0459B62386D035007A6E5A /* ViewController.swift */ = {isa = PBXFileReference; lastKnownFileType = sourcecode.swift; path = ViewController.swift; sourceTree = "<group>"; };
		DC0459B92386D035007A6E5A /* Base */ = {isa = PBXFileReference; lastKnownFileType = file.storyboard; name = Base; path = Base.lproj/Main.storyboard; sourceTree = "<group>"; };
		DC0459BB2386D036007A6E5A /* Assets.xcassets */ = {isa = PBXFileReference; lastKnownFileType = folder.assetcatalog; path = Assets.xcassets; sourceTree = "<group>"; };
		DC0459BE2386D036007A6E5A /* Base */ = {isa = PBXFileReference; lastKnownFileType = file.storyboard; name = Base; path = Base.lproj/LaunchScreen.storyboard; sourceTree = "<group>"; };
		DC0459C02386D036007A6E5A /* Info.plist */ = {isa = PBXFileReference; lastKnownFileType = text.plist.xml; path = Info.plist; sourceTree = "<group>"; };
		DC0459C72386D086007A6E5A /* Cat.xcdatamodel */ = {isa = PBXFileReference; lastKnownFileType = wrapper.xcdatamodel; path = Cat.xcdatamodel; sourceTree = "<group>"; };
		DC0459D12386D72D007A6E5A /* CatDecodeModel.swift */ = {isa = PBXFileReference; lastKnownFileType = sourcecode.swift; path = CatDecodeModel.swift; sourceTree = "<group>"; };
		DC0459D32386E0CF007A6E5A /* CoreDataStack.swift */ = {isa = PBXFileReference; lastKnownFileType = sourcecode.swift; path = CoreDataStack.swift; sourceTree = "<group>"; };
		DC0459D52386E116007A6E5A /* ApiRepository.swift */ = {isa = PBXFileReference; lastKnownFileType = sourcecode.swift; path = ApiRepository.swift; sourceTree = "<group>"; };
		DC0459D72386E2C2007A6E5A /* DataProvider.swift */ = {isa = PBXFileReference; lastKnownFileType = sourcecode.swift; path = DataProvider.swift; sourceTree = "<group>"; };
		DC2B46F623883131002D43F6 /* Weight+CoreDataClass.swift */ = {isa = PBXFileReference; lastKnownFileType = sourcecode.swift; path = "Weight+CoreDataClass.swift"; sourceTree = SOURCE_ROOT; };
		DC2B46F723883131002D43F6 /* Weight+CoreDataProperties.swift */ = {isa = PBXFileReference; lastKnownFileType = sourcecode.swift; path = "Weight+CoreDataProperties.swift"; sourceTree = SOURCE_ROOT; };
		DC2B46F823883131002D43F6 /* Category+CoreDataClass.swift */ = {isa = PBXFileReference; lastKnownFileType = sourcecode.swift; path = "Category+CoreDataClass.swift"; sourceTree = SOURCE_ROOT; };
		DC2B46F923883131002D43F6 /* Category+CoreDataProperties.swift */ = {isa = PBXFileReference; lastKnownFileType = sourcecode.swift; path = "Category+CoreDataProperties.swift"; sourceTree = SOURCE_ROOT; };
		DC2B46FA23883131002D43F6 /* Cat+CoreDataClass.swift */ = {isa = PBXFileReference; lastKnownFileType = sourcecode.swift; path = "Cat+CoreDataClass.swift"; sourceTree = SOURCE_ROOT; };
		DC2B46FB23883131002D43F6 /* Cat+CoreDataProperties.swift */ = {isa = PBXFileReference; lastKnownFileType = sourcecode.swift; path = "Cat+CoreDataProperties.swift"; sourceTree = SOURCE_ROOT; };
		DC2B46FC23883131002D43F6 /* Breed+CoreDataClass.swift */ = {isa = PBXFileReference; lastKnownFileType = sourcecode.swift; path = "Breed+CoreDataClass.swift"; sourceTree = SOURCE_ROOT; };
		DC2B46FD23883131002D43F6 /* Breed+CoreDataProperties.swift */ = {isa = PBXFileReference; lastKnownFileType = sourcecode.swift; path = "Breed+CoreDataProperties.swift"; sourceTree = SOURCE_ROOT; };
		DC2B4706238969AE002D43F6 /* CatCollectionViewCell.swift */ = {isa = PBXFileReference; lastKnownFileType = sourcecode.swift; path = CatCollectionViewCell.swift; sourceTree = "<group>"; };
		DC2B470B2389A117002D43F6 /* UIViewController.swift */ = {isa = PBXFileReference; lastKnownFileType = sourcecode.swift; path = UIViewController.swift; sourceTree = "<group>"; };
		DC2B470D2389A174002D43F6 /* UIView.swift */ = {isa = PBXFileReference; lastKnownFileType = sourcecode.swift; path = UIView.swift; sourceTree = "<group>"; };
/* End PBXFileReference section */

/* Begin PBXFrameworksBuildPhase section */
		DC0459AC2386D035007A6E5A /* Frameworks */ = {
			isa = PBXFrameworksBuildPhase;
			buildActionMask = 2147483647;
			files = (
				DC2B470A23896DC7002D43F6 /* SDWebImage in Frameworks */,
			);
			runOnlyForDeploymentPostprocessing = 0;
		};
/* End PBXFrameworksBuildPhase section */

/* Begin PBXGroup section */
		DC0459A62386D035007A6E5A = {
			isa = PBXGroup;
			children = (
				DCA37AFE23882B6B00DB97AE /* CoreModels */,
				DC0459B12386D035007A6E5A /* CATastrophic */,
				DC0459B02386D035007A6E5A /* Products */,
			);
			sourceTree = "<group>";
		};
		DC0459B02386D035007A6E5A /* Products */ = {
			isa = PBXGroup;
			children = (
				DC0459AF2386D035007A6E5A /* CATastrophic.app */,
			);
			name = Products;
			sourceTree = "<group>";
		};
		DC0459B12386D035007A6E5A /* CATastrophic */ = {
			isa = PBXGroup;
			children = (
				DC0459B22386D035007A6E5A /* AppDelegate.swift */,
				DC0459B42386D035007A6E5A /* SceneDelegate.swift */,
				DC0459B62386D035007A6E5A /* ViewController.swift */,
				DC0459B82386D035007A6E5A /* Main.storyboard */,
				DC0459BB2386D036007A6E5A /* Assets.xcassets */,
				DC0459BD2386D036007A6E5A /* LaunchScreen.storyboard */,
				DC0459C02386D036007A6E5A /* Info.plist */,
				DC0459C62386D086007A6E5A /* CatDB.xcdatamodeld */,
				DC0459D12386D72D007A6E5A /* CatDecodeModel.swift */,
				DC0459D32386E0CF007A6E5A /* CoreDataStack.swift */,
				DC0459D52386E116007A6E5A /* ApiRepository.swift */,
				DC0459D72386E2C2007A6E5A /* DataProvider.swift */,
				DC2B4706238969AE002D43F6 /* CatCollectionViewCell.swift */,
				DC2B470B2389A117002D43F6 /* UIViewController.swift */,
				DC2B470D2389A174002D43F6 /* UIView.swift */,
			);
			path = CATastrophic;
			sourceTree = "<group>";
		};
		DCA37AFE23882B6B00DB97AE /* CoreModels */ = {
			isa = PBXGroup;
			children = (
				DC2B46F623883131002D43F6 /* Weight+CoreDataClass.swift */,
				DC2B46F723883131002D43F6 /* Weight+CoreDataProperties.swift */,
				DC2B46F823883131002D43F6 /* Category+CoreDataClass.swift */,
				DC2B46F923883131002D43F6 /* Category+CoreDataProperties.swift */,
				DC2B46FA23883131002D43F6 /* Cat+CoreDataClass.swift */,
				DC2B46FB23883131002D43F6 /* Cat+CoreDataProperties.swift */,
				DC2B46FC23883131002D43F6 /* Breed+CoreDataClass.swift */,
				DC2B46FD23883131002D43F6 /* Breed+CoreDataProperties.swift */,
			);
			path = CoreModels;
			sourceTree = "<group>";
		};
/* End PBXGroup section */

/* Begin PBXNativeTarget section */
		DC0459AE2386D035007A6E5A /* CATastrophic */ = {
			isa = PBXNativeTarget;
			buildConfigurationList = DC0459C32386D036007A6E5A /* Build configuration list for PBXNativeTarget "CATastrophic" */;
			buildPhases = (
				DC0459AB2386D035007A6E5A /* Sources */,
				DC0459AC2386D035007A6E5A /* Frameworks */,
				DC0459AD2386D035007A6E5A /* Resources */,
			);
			buildRules = (
			);
			dependencies = (
			);
			name = CATastrophic;
			packageProductDependencies = (
				DC2B470923896DC7002D43F6 /* SDWebImage */,
			);
			productName = CATastrophic;
			productReference = DC0459AF2386D035007A6E5A /* CATastrophic.app */;
			productType = "com.apple.product-type.application";
		};
/* End PBXNativeTarget section */

/* Begin PBXProject section */
		DC0459A72386D035007A6E5A /* Project object */ = {
			isa = PBXProject;
			attributes = {
				LastSwiftUpdateCheck = 1120;
				LastUpgradeCheck = 1120;
				ORGANIZATIONNAME = Jamil;
				TargetAttributes = {
					DC0459AE2386D035007A6E5A = {
						CreatedOnToolsVersion = 11.2;
					};
				};
			};
			buildConfigurationList = DC0459AA2386D035007A6E5A /* Build configuration list for PBXProject "CATastrophic" */;
			compatibilityVersion = "Xcode 9.3";
			developmentRegion = en;
			hasScannedForEncodings = 0;
			knownRegions = (
				en,
				Base,
			);
			mainGroup = DC0459A62386D035007A6E5A;
			packageReferences = (
				DC2B470823896DC7002D43F6 /* XCRemoteSwiftPackageReference "SDWebImage" */,
			);
			productRefGroup = DC0459B02386D035007A6E5A /* Products */;
			projectDirPath = "";
			projectRoot = "";
			targets = (
				DC0459AE2386D035007A6E5A /* CATastrophic */,
			);
		};
/* End PBXProject section */

/* Begin PBXResourcesBuildPhase section */
		DC0459AD2386D035007A6E5A /* Resources */ = {
			isa = PBXResourcesBuildPhase;
			buildActionMask = 2147483647;
			files = (
				DC0459BF2386D036007A6E5A /* LaunchScreen.storyboard in Resources */,
				DC0459BC2386D036007A6E5A /* Assets.xcassets in Resources */,
				DC0459BA2386D035007A6E5A /* Main.storyboard in Resources */,
			);
			runOnlyForDeploymentPostprocessing = 0;
		};
/* End PBXResourcesBuildPhase section */

/* Begin PBXSourcesBuildPhase section */
		DC0459AB2386D035007A6E5A /* Sources */ = {
			isa = PBXSourcesBuildPhase;
			buildActionMask = 2147483647;
			files = (
				DC2B46FE23883131002D43F6 /* Weight+CoreDataClass.swift in Sources */,
				DC0459C82386D086007A6E5A /* CatDB.xcdatamodeld in Sources */,
				DC2B470C2389A117002D43F6 /* UIViewController.swift in Sources */,
				DC2B4707238969AE002D43F6 /* CatCollectionViewCell.swift in Sources */,
				DC2B470323883131002D43F6 /* Cat+CoreDataProperties.swift in Sources */,
				DC2B470023883131002D43F6 /* Category+CoreDataClass.swift in Sources */,
				DC0459D82386E2C2007A6E5A /* DataProvider.swift in Sources */,
				DC0459B72386D035007A6E5A /* ViewController.swift in Sources */,
				DC2B470523883131002D43F6 /* Breed+CoreDataProperties.swift in Sources */,
				DC0459B32386D035007A6E5A /* AppDelegate.swift in Sources */,
				DC0459D22386D72D007A6E5A /* CatDecodeModel.swift in Sources */,
				DC2B470123883131002D43F6 /* Category+CoreDataProperties.swift in Sources */,
				DC2B470423883131002D43F6 /* Breed+CoreDataClass.swift in Sources */,
				DC2B470E2389A174002D43F6 /* UIView.swift in Sources */,
				DC0459B52386D035007A6E5A /* SceneDelegate.swift in Sources */,
				DC2B470223883131002D43F6 /* Cat+CoreDataClass.swift in Sources */,
				DC2B46FF23883131002D43F6 /* Weight+CoreDataProperties.swift in Sources */,
				DC0459D42386E0CF007A6E5A /* CoreDataStack.swift in Sources */,
				DC0459D62386E116007A6E5A /* ApiRepository.swift in Sources */,
			);
			runOnlyForDeploymentPostprocessing = 0;
		};
/* End PBXSourcesBuildPhase section */

/* Begin PBXVariantGroup section */
		DC0459B82386D035007A6E5A /* Main.storyboard */ = {
			isa = PBXVariantGroup;
			children = (
				DC0459B92386D035007A6E5A /* Base */,
			);
			name = Main.storyboard;
			sourceTree = "<group>";
		};
		DC0459BD2386D036007A6E5A /* LaunchScreen.storyboard */ = {
			isa = PBXVariantGroup;
			children = (
				DC0459BE2386D036007A6E5A /* Base */,
			);
			name = LaunchScreen.storyboard;
			sourceTree = "<group>";
		};
/* End PBXVariantGroup section */

/* Begin XCBuildConfiguration section */
		DC0459C12386D036007A6E5A /* Debug */ = {
			isa = XCBuildConfiguration;
			buildSettings = {
				ALWAYS_SEARCH_USER_PATHS = NO;
				CLANG_ANALYZER_NONNULL = YES;
				CLANG_ANALYZER_NUMBER_OBJECT_CONVERSION = YES_AGGRESSIVE;
				CLANG_CXX_LANGUAGE_STANDARD = "gnu++14";
				CLANG_CXX_LIBRARY = "libc++";
				CLANG_ENABLE_MODULES = YES;
				CLANG_ENABLE_OBJC_ARC = YES;
				CLANG_ENABLE_OBJC_WEAK = YES;
				CLANG_WARN_BLOCK_CAPTURE_AUTORELEASING = YES;
				CLANG_WARN_BOOL_CONVERSION = YES;
				CLANG_WARN_COMMA = YES;
				CLANG_WARN_CONSTANT_CONVERSION = YES;
				CLANG_WARN_DEPRECATED_OBJC_IMPLEMENTATIONS = YES;
				CLANG_WARN_DIRECT_OBJC_ISA_USAGE = YES_ERROR;
				CLANG_WARN_DOCUMENTATION_COMMENTS = YES;
				CLANG_WARN_EMPTY_BODY = YES;
				CLANG_WARN_ENUM_CONVERSION = YES;
				CLANG_WARN_INFINITE_RECURSION = YES;
				CLANG_WARN_INT_CONVERSION = YES;
				CLANG_WARN_NON_LITERAL_NULL_CONVERSION = YES;
				CLANG_WARN_OBJC_IMPLICIT_RETAIN_SELF = YES;
				CLANG_WARN_OBJC_LITERAL_CONVERSION = YES;
				CLANG_WARN_OBJC_ROOT_CLASS = YES_ERROR;
				CLANG_WARN_RANGE_LOOP_ANALYSIS = YES;
				CLANG_WARN_STRICT_PROTOTYPES = YES;
				CLANG_WARN_SUSPICIOUS_MOVE = YES;
				CLANG_WARN_UNGUARDED_AVAILABILITY = YES_AGGRESSIVE;
				CLANG_WARN_UNREACHABLE_CODE = YES;
				CLANG_WARN__DUPLICATE_METHOD_MATCH = YES;
				COPY_PHASE_STRIP = NO;
				DEBUG_INFORMATION_FORMAT = dwarf;
				ENABLE_STRICT_OBJC_MSGSEND = YES;
				ENABLE_TESTABILITY = YES;
				GCC_C_LANGUAGE_STANDARD = gnu11;
				GCC_DYNAMIC_NO_PIC = NO;
				GCC_NO_COMMON_BLOCKS = YES;
				GCC_OPTIMIZATION_LEVEL = 0;
				GCC_PREPROCESSOR_DEFINITIONS = (
					"DEBUG=1",
					"$(inherited)",
				);
				GCC_WARN_64_TO_32_BIT_CONVERSION = YES;
				GCC_WARN_ABOUT_RETURN_TYPE = YES_ERROR;
				GCC_WARN_UNDECLARED_SELECTOR = YES;
				GCC_WARN_UNINITIALIZED_AUTOS = YES_AGGRESSIVE;
				GCC_WARN_UNUSED_FUNCTION = YES;
				GCC_WARN_UNUSED_VARIABLE = YES;
				IPHONEOS_DEPLOYMENT_TARGET = 13.2;
				MTL_ENABLE_DEBUG_INFO = INCLUDE_SOURCE;
				MTL_FAST_MATH = YES;
				ONLY_ACTIVE_ARCH = YES;
				SDKROOT = iphoneos;
				SWIFT_ACTIVE_COMPILATION_CONDITIONS = DEBUG;
				SWIFT_OPTIMIZATION_LEVEL = "-Onone";
			};
			name = Debug;
		};
		DC0459C22386D036007A6E5A /* Release */ = {
			isa = XCBuildConfiguration;
			buildSettings = {
				ALWAYS_SEARCH_USER_PATHS = NO;
				CLANG_ANALYZER_NONNULL = YES;
				CLANG_ANALYZER_NUMBER_OBJECT_CONVERSION = YES_AGGRESSIVE;
				CLANG_CXX_LANGUAGE_STANDARD = "gnu++14";
				CLANG_CXX_LIBRARY = "libc++";
				CLANG_ENABLE_MODULES = YES;
				CLANG_ENABLE_OBJC_ARC = YES;
				CLANG_ENABLE_OBJC_WEAK = YES;
				CLANG_WARN_BLOCK_CAPTURE_AUTORELEASING = YES;
				CLANG_WARN_BOOL_CONVERSION = YES;
				CLANG_WARN_COMMA = YES;
				CLANG_WARN_CONSTANT_CONVERSION = YES;
				CLANG_WARN_DEPRECATED_OBJC_IMPLEMENTATIONS = YES;
				CLANG_WARN_DIRECT_OBJC_ISA_USAGE = YES_ERROR;
				CLANG_WARN_DOCUMENTATION_COMMENTS = YES;
				CLANG_WARN_EMPTY_BODY = YES;
				CLANG_WARN_ENUM_CONVERSION = YES;
				CLANG_WARN_INFINITE_RECURSION = YES;
				CLANG_WARN_INT_CONVERSION = YES;
				CLANG_WARN_NON_LITERAL_NULL_CONVERSION = YES;
				CLANG_WARN_OBJC_IMPLICIT_RETAIN_SELF = YES;
				CLANG_WARN_OBJC_LITERAL_CONVERSION = YES;
				CLANG_WARN_OBJC_ROOT_CLASS = YES_ERROR;
				CLANG_WARN_RANGE_LOOP_ANALYSIS = YES;
				CLANG_WARN_STRICT_PROTOTYPES = YES;
				CLANG_WARN_SUSPICIOUS_MOVE = YES;
				CLANG_WARN_UNGUARDED_AVAILABILITY = YES_AGGRESSIVE;
				CLANG_WARN_UNREACHABLE_CODE = YES;
				CLANG_WARN__DUPLICATE_METHOD_MATCH = YES;
				COPY_PHASE_STRIP = NO;
				DEBUG_INFORMATION_FORMAT = "dwarf-with-dsym";
				ENABLE_NS_ASSERTIONS = NO;
				ENABLE_STRICT_OBJC_MSGSEND = YES;
				GCC_C_LANGUAGE_STANDARD = gnu11;
				GCC_NO_COMMON_BLOCKS = YES;
				GCC_WARN_64_TO_32_BIT_CONVERSION = YES;
				GCC_WARN_ABOUT_RETURN_TYPE = YES_ERROR;
				GCC_WARN_UNDECLARED_SELECTOR = YES;
				GCC_WARN_UNINITIALIZED_AUTOS = YES_AGGRESSIVE;
				GCC_WARN_UNUSED_FUNCTION = YES;
				GCC_WARN_UNUSED_VARIABLE = YES;
				IPHONEOS_DEPLOYMENT_TARGET = 13.2;
				MTL_ENABLE_DEBUG_INFO = NO;
				MTL_FAST_MATH = YES;
				SDKROOT = iphoneos;
				SWIFT_COMPILATION_MODE = wholemodule;
				SWIFT_OPTIMIZATION_LEVEL = "-O";
				VALIDATE_PRODUCT = YES;
			};
			name = Release;
		};
		DC0459C42386D036007A6E5A /* Debug */ = {
			isa = XCBuildConfiguration;
			buildSettings = {
				ASSETCATALOG_COMPILER_APPICON_NAME = AppIcon;
				CODE_SIGN_STYLE = Automatic;
				INFOPLIST_FILE = CATastrophic/Info.plist;
				LD_RUNPATH_SEARCH_PATHS = (
					"$(inherited)",
					"@executable_path/Frameworks",
				);
				PRODUCT_BUNDLE_IDENTIFIER = Jamil.CATastrophic;
				PRODUCT_NAME = "$(TARGET_NAME)";
				SWIFT_VERSION = 5.0;
				TARGETED_DEVICE_FAMILY = "1,2";
			};
			name = Debug;
		};
		DC0459C52386D036007A6E5A /* Release */ = {
			isa = XCBuildConfiguration;
			buildSettings = {
				ASSETCATALOG_COMPILER_APPICON_NAME = AppIcon;
				CODE_SIGN_STYLE = Automatic;
				INFOPLIST_FILE = CATastrophic/Info.plist;
				LD_RUNPATH_SEARCH_PATHS = (
					"$(inherited)",
					"@executable_path/Frameworks",
				);
				PRODUCT_BUNDLE_IDENTIFIER = Jamil.CATastrophic;
				PRODUCT_NAME = "$(TARGET_NAME)";
				SWIFT_VERSION = 5.0;
				TARGETED_DEVICE_FAMILY = "1,2";
			};
			name = Release;
		};
/* End XCBuildConfiguration section */

/* Begin XCConfigurationList section */
		DC0459AA2386D035007A6E5A /* Build configuration list for PBXProject "CATastrophic" */ = {
			isa = XCConfigurationList;
			buildConfigurations = (
				DC0459C12386D036007A6E5A /* Debug */,
				DC0459C22386D036007A6E5A /* Release */,
			);
			defaultConfigurationIsVisible = 0;
			defaultConfigurationName = Release;
		};
		DC0459C32386D036007A6E5A /* Build configuration list for PBXNativeTarget "CATastrophic" */ = {
			isa = XCConfigurationList;
			buildConfigurations = (
				DC0459C42386D036007A6E5A /* Debug */,
				DC0459C52386D036007A6E5A /* Release */,
			);
			defaultConfigurationIsVisible = 0;
			defaultConfigurationName = Release;
		};
/* End XCConfigurationList section */

/* Begin XCRemoteSwiftPackageReference section */
		DC2B470823896DC7002D43F6 /* XCRemoteSwiftPackageReference "SDWebImage" */ = {
			isa = XCRemoteSwiftPackageReference;
			repositoryURL = "https://github.com/SDWebImage/SDWebImage.git";
			requirement = {
				kind = upToNextMajorVersion;
				minimumVersion = 5.3.2;
			};
		};
/* End XCRemoteSwiftPackageReference section */

/* Begin XCSwiftPackageProductDependency section */
		DC2B470923896DC7002D43F6 /* SDWebImage */ = {
			isa = XCSwiftPackageProductDependency;
			package = DC2B470823896DC7002D43F6 /* XCRemoteSwiftPackageReference "SDWebImage" */;
			productName = SDWebImage;
		};
/* End XCSwiftPackageProductDependency section */

/* Begin XCVersionGroup section */
		DC0459C62386D086007A6E5A /* CatDB.xcdatamodeld */ = {
			isa = XCVersionGroup;
			children = (
				DC0459C72386D086007A6E5A /* Cat.xcdatamodel */,
			);
			currentVersion = DC0459C72386D086007A6E5A /* Cat.xcdatamodel */;
			path = CatDB.xcdatamodeld;
			sourceTree = "<group>";
			versionGroupType = wrapper.xcdatamodel;
		};
/* End XCVersionGroup section */
	};
	rootObject = DC0459A72386D035007A6E5A /* Project object */;
}
